
Microsoft Visual Studio Solution File, Format Version 12.00
# Visual Studio Version 16
VisualStudioVersion = 16.0.30204.135
MinimumVisualStudioVersion = 10.0.40219.1
Project("{FAE04EC0-301F-11D3-BF4B-00C04F79EFBC}") = "WindowsFormCore", "WindowsFormCore\WindowsFormCore.csproj", "{DBFC0C97-4E94-4763-BFA9-7CB49029A49D}"
EndProject
Global
	GlobalSection(SolutionConfigurationPlatforms) = preSolution
		Debug|Any CPU = Debug|Any CPU
		Release|Any CPU = Release|Any CPU
	EndGlobalSection
	GlobalSection(ProjectConfigurationPlatforms) = postSolution
		{DBFC0C97-4E94-4763-BFA9-7CB49029A49D}.Debug|Any CPU.ActiveCfg = Debug|Any CPU
		{DBFC0C97-4E94-4763-BFA9-7CB49029A49D}.Debug|Any CPU.Build.0 = Debug|Any CPU
		{DBFC0C97-4E94-4763-BFA9-7CB49029A49D}.Release|Any CPU.ActiveCfg = Release|Any CPU
		{DBFC0C97-4E94-4763-BFA9-7CB49029A49D}.Release|Any CPU.Build.0 = Release|Any CPU
	EndGlobalSection
	GlobalSection(SolutionProperties) = preSolution
		HideSolutionNode = FALSE
	EndGlobalSection
	GlobalSection(ExtensibilityGlobals) = postSolution
		SolutionGuid = {B228E9B3-2F5D-4DEE-B5BC-4EA88770741E}
	EndGlobalSection
EndGlobal
